<?xml version="1.0" encoding="utf-8"?>
<Project ToolsVersion="4.0" xmlns="http://schemas.microsoft.com/developer/msbuild/2003">
  <ItemGroup>
    <Filter Include="Source Files">
      <UniqueIdentifier>{4FC737F1-C7A5-4376-A066-2A32D752A2FF}</UniqueIdentifier>
      <Extensions>cpp;c;cc;cxx;def;odl;idl;hpj;bat;asm;asmx</Extensions>
    </Filter>
  </ItemGroup>
  <ItemGroup>
    <ClCompile Include="OpenGLLearning.cpp">
      <Filter>Source Files</Filter>
    </ClCompile>
    <ClCompile Include="glad.c">
      <Filter>Source Files</Filter>
    </ClCompile>
    <ClCompile Include="Core\Shader.cpp">
      <Filter>Source Files</Filter>
    </ClCompile>
    <ClCompile Include="Core\Skybox.cpp">
      <Filter>Source Files</Filter>
    </ClCompile>
    <ClCompile Include="Core\floorGrid.cpp">
      <Filter>Source Files</Filter>
    </ClCompile>
  </ItemGroup>
  <ItemGroup>
    <ClInclude Include="Callbacks\Callbacks.h" />
    <ClInclude Include="Core\Camera.h" />
    <ClInclude Include="Core\GameObject.h" />
    <ClInclude Include="Core\Mesh.h" />
    <ClInclude Include="Core\Model.h" />
    <ClInclude Include="Core\Shader.h" />
    <ClInclude Include="Managers\ModelManager.h" />
    <ClInclude Include="Core\Input.h" />
    <ClInclude Include="Core\Skybox.h" />
    <ClInclude Include="Core\LoadTextures.h" />
    <ClInclude Include="Core\floorGrid.h" />
    <ClInclude Include="Core\RenderDetails.h" />
  </ItemGroup>
  <ItemGroup>
    <None Include="Shaders\basicLighting.frag" />
    <None Include="Shaders\basicLighting.vert" />
    <None Include="Shaders\basicShader.frag" />
    <None Include="Shaders\basicShader.vert" />
    <None Include="Shaders\materialShader.frag" />
    <None Include="Shaders\materialShader.vert" />
    <None Include="Shaders\model_loadingShader.frag" />
    <None Include="Shaders\model_loadingShader.vert" />
    <None Include="Resources\Models\Coke\maps\Thumbs.db" />
    <None Include="Resources\Models\nanosuit\nanosuit.blend" />
    <None Include="Resources\Models\nanosuit\nanosuit.mtl" />
    <None Include="Shaders\core\skyboxShader.frag" />
    <None Include="Shaders\core\skyboxShader.vert" />
    <None Include="Shaders\core\skyboxShaderReflect.vert" />
    <None Include="Shaders\core\skyboxShaderReflect.frag" />
  </ItemGroup>
  <ItemGroup>
    <Image Include="Resources\Models\Buildings\Textures\K_BuildingsA_01.jpg" />
    <Image Include="Resources\Models\Buildings\Textures\K_BuildingsA_02.jpg" />
    <Image Include="Resources\Models\Buildings\Textures\K_BuildingsA_03.jpg" />
    <Image Include="Resources\Models\Buildings\Textures\K_BuildingsA_04.jpg" />
    <Image Include="Resources\Models\Buildings\Textures\K_BuildingsA_05.jpg" />
    <Image Include="Resources\Models\Buildings\Textures\K_BuildingsA_06.jpg" />
    <Image Include="Resources\Models\Buildings\Textures\K_BuildingsA_07.jpg" />
    <Image Include="Resources\Models\Buildings\Textures\K_BuildingsA_08.jpg" />
    <Image Include="Resources\Models\Buildings\Textures\K_BuildingsA_09.jpg" />
    <Image Include="Resources\Models\Buildings\Textures\K_BuildingsA_10.jpg" />
    <Image Include="Resources\Models\Buildings\Textures\K_BuildingsA_11.jpg" />
    <Image Include="Resources\Models\Buildings\Textures\K_BuildingsA_12.jpg" />
    <Image Include="Resources\Models\Buildings\Textures\K_BuildingsA_13.jpg" />
    <Image Include="Resources\Models\Buildings\Textures\K_BuildingsA_14.jpg" />
    <Image Include="Resources\Models\Buildings\Textures\K_BuildingsA_15.jpg" />
    <Image Include="Resources\Models\Buildings\Textures\K_BuildingsA_16.jpg" />
    <Image Include="Resources\Models\Buildings\Textures\K_BuildingsA_17.jpg" />
    <Image Include="Resources\Models\Buildings\Textures\K_BuildingsA_18.jpg" />
    <Image Include="Resources\Models\Buildings\Textures\K_BuildingsA_19.jpg" />
    <Image Include="Resources\Models\Buildings\Textures\K_BuildingsA_20.jpg" />
    <Image Include="Resources\Models\Buildings\Textures\K_BuildingsA_21.jpg" />
    <Image Include="Resources\Models\Buildings\Textures\K_BuildingsA_22.jpg" />
    <Image Include="Resources\Models\Buildings\Textures\K_BuildingsA_23.jpg" />
    <Image Include="Resources\Models\Buildings\Textures\K_BuildingsA_24.jpg" />
    <Image Include="Resources\Models\Buildings\Textures\K_BuildingsA_25.jpg" />
    <Image Include="Resources\Models\Buildings\Textures\K_BuildingsA_26.jpg" />
    <Image Include="Resources\Models\Buildings\Textures\K_BuildingsA_27.jpg" />
    <Image Include="Resources\Models\Buildings\Textures\K_BuildingsA_28.jpg" />
    <Image Include="Resources\Models\Buildings\Textures\K_BuildingsA_29.jpg" />
    <Image Include="Resources\Models\Buildings\Textures\K_BuildingsA_30.jpg" />
    <Image Include="Resources\Models\Buildings\Textures\K_BuildingsA_31.jpg" />
    <Image Include="Resources\Models\Buildings\Textures\K_BuildingsA_32.jpg" />
    <Image Include="Resources\Models\Buildings\Textures\K_BuildingsA_33.jpg" />
    <Image Include="Resources\Models\Buildings\Textures\K_BuildingsA_34.jpg" />
    <Image Include="Resources\Models\Buildings\Textures\K_BuildingsA_35.jpg" />
    <Image Include="Resources\Models\Buildings\Textures\K_BuildingsA_36.jpg" />
    <Image Include="Resources\Models\Buildings\Textures\K_BuildingsA_37.jpg" />
    <Image Include="Resources\Models\Buildings\Textures\K_BuildingsA_38.jpg" />
    <Image Include="Resources\Models\Buildings\Textures\K_BuildingsA_39.jpg" />
    <Image Include="Resources\Models\Buildings\Textures\K_BuildingsA_40.jpg" />
    <Image Include="Resources\Models\Buildings\Textures\K_BuildingsA_41.jpg" />
    <Image Include="Resources\Models\Buildings\Textures\K_BuildingsA_42.jpg" />
    <Image Include="Resources\Models\Buildings\Textures\K_BuildingsA_43.jpg" />
    <Image Include="Resources\Models\Buildings\Textures\K_BuildingsA_44.jpg" />
    <Image Include="Resources\Models\Buildings\Textures\K_BuildingsA_45.jpg" />
    <Image Include="Resources\Models\Buildings\Textures\K_BuildingsA_46.jpg" />
    <Image Include="Resources\Models\Coke\maps\mpm_vol.09_p35_bottle_cap_diff.JPG" />
    <Image Include="Resources\Models\Coke\maps\mpm_vol.09_p35_bottle_light_diff.JPG" />
    <Image Include="Resources\Models\Coke\maps\mpm_vol.09_p35_bottle_red_diff.JPG" />
    <Image Include="Resources\Models\Coke\maps\mpm_vol.09_p35_bottle_transp_diff.JPG" />
    <Image Include="Resources\Models\Coke\maps\mpm_vol.09_p35_can_light_diff.jpg" />
    <Image Include="Resources\Models\Coke\maps\mpm_vol.09_p35_can_red_diff.JPG" />
    <Image Include="Resources\Models\Coke\maps\mpm_vol.09_p35_can_red_refl.JPG" />
    <Image Include="Resources\Models\Coke\maps\mpm_vol.09_p35_steel.JPG" />
    <Image Include="Resources\Models\nanosuit\arm_dif.png" />
    <Image Include="Resources\Models\nanosuit\arm_showroom_ddn.png" />
    <Image Include="Resources\Models\nanosuit\arm_showroom_spec.png" />
    <Image Include="Resources\Models\nanosuit\body_dif.png" />
    <Image Include="Resources\Models\nanosuit\body_showroom_ddn.png" />
    <Image Include="Resources\Models\nanosuit\body_showroom_spec.png" />
    <Image Include="Resources\Models\nanosuit\glass_ddn.png" />
    <Image Include="Resources\Models\nanosuit\glass_dif.png" />
    <Image Include="Resources\Models\nanosuit\hand_dif.png" />
    <Image Include="Resources\Models\nanosuit\hand_showroom_ddn.png" />
    <Image Include="Resources\Models\nanosuit\hand_showroom_spec.png" />
    <Image Include="Resources\Models\nanosuit\helmet_diff.png" />
    <Image Include="Resources\Models\nanosuit\helmet_showroom_ddn.png" />
    <Image Include="Resources\Models\nanosuit\helmet_showroom_spec.png" />
    <Image Include="Resources\Models\nanosuit\leg_dif.png" />
    <Image Include="Resources\Models\nanosuit\leg_showroom_ddn.png" />
    <Image Include="Resources\Models\nanosuit\leg_showroom_spec.png" />
    <Image Include="Resources\textures\container2_specular.png" />
    <Image Include="Resources\textures\container2.png" />
    <Image Include="Resources\Skybox\Default\back.jpg" />
    <Image Include="Resources\Skybox\Default\bottom.jpg" />
    <Image Include="Resources\Skybox\Default\front.jpg" />
    <Image Include="Resources\Skybox\Default\left.jpg" />
    <Image Include="Resources\Skybox\Default\right.jpg" />
    <Image Include="Resources\Skybox\Default\top.jpg" />
  </ItemGroup>
  <ItemGroup>
    <Text Include="Resources\Models\Buildings\Textures\Please Read - Textures source.txt" />
    <Text Include="Resources\Models\nanosuit\LICENSE.txt" />
  </ItemGroup>
</Project>